// !$*UTF8*$!
{
	archiveVersion = 1;
	classes = {
	};
	objectVersion = 50;
	objects = {

/* Begin PBXBuildFile section */
		BF7F500524D3936A00D4765B /* AppDelegate.swift in Sources */ = {isa = PBXBuildFile; fileRef = BF7F500424D3936A00D4765B /* AppDelegate.swift */; };
		BF7F500724D3936A00D4765B /* SceneDelegate.swift in Sources */ = {isa = PBXBuildFile; fileRef = BF7F500624D3936A00D4765B /* SceneDelegate.swift */; };
		BF7F500924D3936A00D4765B /* ViewController.swift in Sources */ = {isa = PBXBuildFile; fileRef = BF7F500824D3936A00D4765B /* ViewController.swift */; };
		BF7F500C24D3936A00D4765B /* Main.storyboard in Resources */ = {isa = PBXBuildFile; fileRef = BF7F500A24D3936A00D4765B /* Main.storyboard */; };
		BF7F500F24D3936A00D4765B /* HogWartsHousesAustin.xcdatamodeld in Sources */ = {isa = PBXBuildFile; fileRef = BF7F500D24D3936A00D4765B /* HogWartsHousesAustin.xcdatamodeld */; };
		BF7F501124D3936E00D4765B /* Assets.xcassets in Resources */ = {isa = PBXBuildFile; fileRef = BF7F501024D3936E00D4765B /* Assets.xcassets */; };
		BF7F501424D3936E00D4765B /* LaunchScreen.storyboard in Resources */ = {isa = PBXBuildFile; fileRef = BF7F501224D3936E00D4765B /* LaunchScreen.storyboard */; };
		BF7F502124D3998B00D4765B /* hogWartsHouse + Convenience.swift in Sources */ = {isa = PBXBuildFile; fileRef = BF7F502024D3998B00D4765B /* hogWartsHouse + Convenience.swift */; };
		BF7F502324D39A5300D4765B /* CoreDataStack.swift in Sources */ = {isa = PBXBuildFile; fileRef = BF7F502224D39A5300D4765B /* CoreDataStack.swift */; };
		BF7F502824D39DAA00D4765B /* houseGuessControler.swift in Sources */ = {isa = PBXBuildFile; fileRef = BF7F502724D39DAA00D4765B /* houseGuessControler.swift */; };
		BF7F502A24D3A89800D4765B /* MainTableViewController.swift in Sources */ = {isa = PBXBuildFile; fileRef = BF7F502924D3A89800D4765B /* MainTableViewController.swift */; };
		BF7F502C24D3AC2E00D4765B /* HouseGuessTableViewCell.swift in Sources */ = {isa = PBXBuildFile; fileRef = BF7F502B24D3AC2E00D4765B /* HouseGuessTableViewCell.swift */; };
/* End PBXBuildFile section */

/* Begin PBXFileReference section */
		BF7F500124D3936A00D4765B /* HogWartsHousesAustin.app */ = {isa = PBXFileReference; explicitFileType = wrapper.application; includeInIndex = 0; path = HogWartsHousesAustin.app; sourceTree = BUILT_PRODUCTS_DIR; };
		BF7F500424D3936A00D4765B /* AppDelegate.swift */ = {isa = PBXFileReference; lastKnownFileType = sourcecode.swift; path = AppDelegate.swift; sourceTree = "<group>"; };
		BF7F500624D3936A00D4765B /* SceneDelegate.swift */ = {isa = PBXFileReference; lastKnownFileType = sourcecode.swift; path = SceneDelegate.swift; sourceTree = "<group>"; };
		BF7F500824D3936A00D4765B /* ViewController.swift */ = {isa = PBXFileReference; lastKnownFileType = sourcecode.swift; path = ViewController.swift; sourceTree = "<group>"; };
		BF7F500B24D3936A00D4765B /* Base */ = {isa = PBXFileReference; lastKnownFileType = file.storyboard; name = Base; path = Base.lproj/Main.storyboard; sourceTree = "<group>"; };
		BF7F500E24D3936A00D4765B /* HogWartsHousesAustin.xcdatamodel */ = {isa = PBXFileReference; lastKnownFileType = wrapper.xcdatamodel; path = HogWartsHousesAustin.xcdatamodel; sourceTree = "<group>"; };
		BF7F501024D3936E00D4765B /* Assets.xcassets */ = {isa = PBXFileReference; lastKnownFileType = folder.assetcatalog; path = Assets.xcassets; sourceTree = "<group>"; };
		BF7F501324D3936E00D4765B /* Base */ = {isa = PBXFileReference; lastKnownFileType = file.storyboard; name = Base; path = Base.lproj/LaunchScreen.storyboard; sourceTree = "<group>"; };
		BF7F501524D3936E00D4765B /* Info.plist */ = {isa = PBXFileReference; lastKnownFileType = text.plist.xml; path = Info.plist; sourceTree = "<group>"; };
		BF7F502024D3998B00D4765B /* hogWartsHouse + Convenience.swift */ = {isa = PBXFileReference; lastKnownFileType = sourcecode.swift; path = "hogWartsHouse + Convenience.swift"; sourceTree = "<group>"; };
		BF7F502224D39A5300D4765B /* CoreDataStack.swift */ = {isa = PBXFileReference; lastKnownFileType = sourcecode.swift; path = CoreDataStack.swift; sourceTree = "<group>"; };
		BF7F502724D39DAA00D4765B /* houseGuessControler.swift */ = {isa = PBXFileReference; lastKnownFileType = sourcecode.swift; path = houseGuessControler.swift; sourceTree = "<group>"; };
		BF7F502924D3A89800D4765B /* MainTableViewController.swift */ = {isa = PBXFileReference; lastKnownFileType = sourcecode.swift; path = MainTableViewController.swift; sourceTree = "<group>"; };
		BF7F502B24D3AC2E00D4765B /* HouseGuessTableViewCell.swift */ = {isa = PBXFileReference; lastKnownFileType = sourcecode.swift; path = HouseGuessTableViewCell.swift; sourceTree = "<group>"; };
/* End PBXFileReference section */

/* Begin PBXFrameworksBuildPhase section */
		BF7F4FFE24D3936A00D4765B /* Frameworks */ = {
			isa = PBXFrameworksBuildPhase;
			buildActionMask = 2147483647;
			files = (
			);
			runOnlyForDeploymentPostprocessing = 0;
		};
/* End PBXFrameworksBuildPhase section */

/* Begin PBXGroup section */
		BF7F4FF824D3936A00D4765B = {
			isa = PBXGroup;
			children = (
				BF7F500324D3936A00D4765B /* HogWartsHousesAustin */,
				BF7F500224D3936A00D4765B /* Products */,
			);
			sourceTree = "<group>";
		};
		BF7F500224D3936A00D4765B /* Products */ = {
			isa = PBXGroup;
			children = (
				BF7F500124D3936A00D4765B /* HogWartsHousesAustin.app */,
			);
			name = Products;
			sourceTree = "<group>";
		};
		BF7F500324D3936A00D4765B /* HogWartsHousesAustin */ = {
			isa = PBXGroup;
			children = (
				BF7F502424D39D5C00D4765B /* New Group1 */,
				BF7F501D24D3985A00D4765B /* Controllers */,
				BF7F500824D3936A00D4765B /* ViewController.swift */,
				BF7F500A24D3936A00D4765B /* Main.storyboard */,
				BF7F501224D3936E00D4765B /* LaunchScreen.storyboard */,
				BF7F500D24D3936A00D4765B /* HogWartsHousesAustin.xcdatamodeld */,
				BF7F502024D3998B00D4765B /* hogWartsHouse + Convenience.swift */,
				BF7F502224D39A5300D4765B /* CoreDataStack.swift */,
			);
			path = HogWartsHousesAustin;
			sourceTree = "<group>";
		};
		BF7F501D24D3985A00D4765B /* Controllers */ = {
			isa = PBXGroup;
			children = (
				BF7F502624D39D7400D4765B /* views */,
				BF7F502524D39D7000D4765B /* model Controller */,
				BF7F500424D3936A00D4765B /* AppDelegate.swift */,
				BF7F500624D3936A00D4765B /* SceneDelegate.swift */,
				BF7F501024D3936E00D4765B /* Assets.xcassets */,
				BF7F501524D3936E00D4765B /* Info.plist */,
			);
			path = Controllers;
			sourceTree = "<group>";
		};
		BF7F502424D39D5C00D4765B /* New Group1 */ = {
			isa = PBXGroup;
			children = (
			);
			path = "New Group1";
			sourceTree = "<group>";
		};
		BF7F502524D39D7000D4765B /* model Controller */ = {
			isa = PBXGroup;
			children = (
				BF7F502724D39DAA00D4765B /* houseGuessControler.swift */,
			);
			path = "model Controller";
			sourceTree = "<group>";
		};
		BF7F502624D39D7400D4765B /* views */ = {
			isa = PBXGroup;
			children = (
				BF7F502924D3A89800D4765B /* MainTableViewController.swift */,
				BF7F502B24D3AC2E00D4765B /* HouseGuessTableViewCell.swift */,
			);
			path = views;
			sourceTree = "<group>";
		};
/* End PBXGroup section */

/* Begin PBXNativeTarget section */
		BF7F500024D3936A00D4765B /* HogWartsHousesAustin */ = {
			isa = PBXNativeTarget;
			buildConfigurationList = BF7F501824D3936E00D4765B /* Build configuration list for PBXNativeTarget "HogWartsHousesAustin" */;
			buildPhases = (
				BF7F4FFD24D3936A00D4765B /* Sources */,
				BF7F4FFE24D3936A00D4765B /* Frameworks */,
				BF7F4FFF24D3936A00D4765B /* Resources */,
			);
			buildRules = (
			);
			dependencies = (
			);
			name = HogWartsHousesAustin;
			productName = HogWartsHousesAustin;
			productReference = BF7F500124D3936A00D4765B /* HogWartsHousesAustin.app */;
			productType = "com.apple.product-type.application";
		};
/* End PBXNativeTarget section */

/* Begin PBXProject section */
		BF7F4FF924D3936A00D4765B /* Project object */ = {
			isa = PBXProject;
			attributes = {
				LastSwiftUpdateCheck = 1160;
				LastUpgradeCheck = 1160;
				ORGANIZATIONNAME = "Ben Brandau";
				TargetAttributes = {
					BF7F500024D3936A00D4765B = {
						CreatedOnToolsVersion = 11.6;
					};
				};
			};
			buildConfigurationList = BF7F4FFC24D3936A00D4765B /* Build configuration list for PBXProject "HogWartsHousesAustin" */;
			compatibilityVersion = "Xcode 9.3";
			developmentRegion = en;
			hasScannedForEncodings = 0;
			knownRegions = (
				en,
				Base,
			);
			mainGroup = BF7F4FF824D3936A00D4765B;
			productRefGroup = BF7F500224D3936A00D4765B /* Products */;
			projectDirPath = "";
			projectRoot = "";
			targets = (
				BF7F500024D3936A00D4765B /* HogWartsHousesAustin */,
			);
		};
/* End PBXProject section */

/* Begin PBXResourcesBuildPhase section */
		BF7F4FFF24D3936A00D4765B /* Resources */ = {
			isa = PBXResourcesBuildPhase;
			buildActionMask = 2147483647;
			files = (
				BF7F501424D3936E00D4765B /* LaunchScreen.storyboard in Resources */,
				BF7F501124D3936E00D4765B /* Assets.xcassets in Resources */,
				BF7F500C24D3936A00D4765B /* Main.storyboard in Resources */,
			);
			runOnlyForDeploymentPostprocessing = 0;
		};
/* End PBXResourcesBuildPhase section */

/* Begin PBXSourcesBuildPhase section */
		BF7F4FFD24D3936A00D4765B /* Sources */ = {
			isa = PBXSourcesBuildPhase;
			buildActionMask = 2147483647;
			files = (
				BF7F500924D3936A00D4765B /* ViewController.swift in Sources */,
				BF7F502124D3998B00D4765B /* hogWartsHouse + Convenience.swift in Sources */,
				BF7F502824D39DAA00D4765B /* houseGuessControler.swift in Sources */,
				BF7F502C24D3AC2E00D4765B /* HouseGuessTableViewCell.swift in Sources */,
				BF7F500F24D3936A00D4765B /* HogWartsHousesAustin.xcdatamodeld in Sources */,
				BF7F502A24D3A89800D4765B /* MainTableViewController.swift in Sources */,
				BF7F502324D39A5300D4765B /* CoreDataStack.swift in Sources */,
				BF7F500524D3936A00D4765B /* AppDelegate.swift in Sources */,
				BF7F500724D3936A00D4765B /* SceneDelegate.swift in Sources */,
			);
			runOnlyForDeploymentPostprocessing = 0;
		};
/* End PBXSourcesBuildPhase section */

/* Begin PBXVariantGroup section */
		BF7F500A24D3936A00D4765B /* Main.storyboard */ = {
			isa = PBXVariantGroup;
			children = (
				BF7F500B24D3936A00D4765B /* Base */,
			);
			name = Main.storyboard;
			sourceTree = "<group>";
		};
		BF7F501224D3936E00D4765B /* LaunchScreen.storyboard */ = {
			isa = PBXVariantGroup;
			children = (
				BF7F501324D3936E00D4765B /* Base */,
			);
			name = LaunchScreen.storyboard;
			sourceTree = "<group>";
		};
/* End PBXVariantGroup section */

/* Begin XCBuildConfiguration section */
		BF7F501624D3936E00D4765B /* Debug */ = {
			isa = XCBuildConfiguration;
			buildSettings = {
				ALWAYS_SEARCH_USER_PATHS = NO;
				CLANG_ANALYZER_NONNULL = YES;
				CLANG_ANALYZER_NUMBER_OBJECT_CONVERSION = YES_AGGRESSIVE;
				CLANG_CXX_LANGUAGE_STANDARD = "gnu++14";
				CLANG_CXX_LIBRARY = "libc++";
				CLANG_ENABLE_MODULES = YES;
				CLANG_ENABLE_OBJC_ARC = YES;
				CLANG_ENABLE_OBJC_WEAK = YES;
				CLANG_WARN_BLOCK_CAPTURE_AUTORELEASING = YES;
				CLANG_WARN_BOOL_CONVERSION = YES;
				CLANG_WARN_COMMA = YES;
				CLANG_WARN_CONSTANT_CONVERSION = YES;
				CLANG_WARN_DEPRECATED_OBJC_IMPLEMENTATIONS = YES;
				CLANG_WARN_DIRECT_OBJC_ISA_USAGE = YES_ERROR;
				CLANG_WARN_DOCUMENTATION_COMMENTS = YES;
				CLANG_WARN_EMPTY_BODY = YES;
				CLANG_WARN_ENUM_CONVERSION = YES;
				CLANG_WARN_INFINITE_RECURSION = YES;
				CLANG_WARN_INT_CONVERSION = YES;
				CLANG_WARN_NON_LITERAL_NULL_CONVERSION = YES;
				CLANG_WARN_OBJC_IMPLICIT_RETAIN_SELF = YES;
				CLANG_WARN_OBJC_LITERAL_CONVERSION = YES;
				CLANG_WARN_OBJC_ROOT_CLASS = YES_ERROR;
				CLANG_WARN_RANGE_LOOP_ANALYSIS = YES;
				CLANG_WARN_STRICT_PROTOTYPES = YES;
				CLANG_WARN_SUSPICIOUS_MOVE = YES;
				CLANG_WARN_UNGUARDED_AVAILABILITY = YES_AGGRESSIVE;
				CLANG_WARN_UNREACHABLE_CODE = YES;
				CLANG_WARN__DUPLICATE_METHOD_MATCH = YES;
				COPY_PHASE_STRIP = NO;
				DEBUG_INFORMATION_FORMAT = dwarf;
				ENABLE_STRICT_OBJC_MSGSEND = YES;
				ENABLE_TESTABILITY = YES;
				GCC_C_LANGUAGE_STANDARD = gnu11;
				GCC_DYNAMIC_NO_PIC = NO;
				GCC_NO_COMMON_BLOCKS = YES;
				GCC_OPTIMIZATION_LEVEL = 0;
				GCC_PREPROCESSOR_DEFINITIONS = (
					"DEBUG=1",
					"$(inherited)",
				);
				GCC_WARN_64_TO_32_BIT_CONVERSION = YES;
				GCC_WARN_ABOUT_RETURN_TYPE = YES_ERROR;
				GCC_WARN_UNDECLARED_SELECTOR = YES;
				GCC_WARN_UNINITIALIZED_AUTOS = YES_AGGRESSIVE;
				GCC_WARN_UNUSED_FUNCTION = YES;
				GCC_WARN_UNUSED_VARIABLE = YES;
				IPHONEOS_DEPLOYMENT_TARGET = 13.6;
				MTL_ENABLE_DEBUG_INFO = INCLUDE_SOURCE;
				MTL_FAST_MATH = YES;
				ONLY_ACTIVE_ARCH = YES;
				SDKROOT = iphoneos;
				SWIFT_ACTIVE_COMPILATION_CONDITIONS = DEBUG;
				SWIFT_OPTIMIZATION_LEVEL = "-Onone";
			};
			name = Debug;
		};
		BF7F501724D3936E00D4765B /* Release */ = {
			isa = XCBuildConfiguration;
			buildSettings = {
				ALWAYS_SEARCH_USER_PATHS = NO;
				CLANG_ANALYZER_NONNULL = YES;
				CLANG_ANALYZER_NUMBER_OBJECT_CONVERSION = YES_AGGRESSIVE;
				CLANG_CXX_LANGUAGE_STANDARD = "gnu++14";
				CLANG_CXX_LIBRARY = "libc++";
				CLANG_ENABLE_MODULES = YES;
				CLANG_ENABLE_OBJC_ARC = YES;
				CLANG_ENABLE_OBJC_WEAK = YES;
				CLANG_WARN_BLOCK_CAPTURE_AUTORELEASING = YES;
				CLANG_WARN_BOOL_CONVERSION = YES;
				CLANG_WARN_COMMA = YES;
				CLANG_WARN_CONSTANT_CONVERSION = YES;
				CLANG_WARN_DEPRECATED_OBJC_IMPLEMENTATIONS = YES;
				CLANG_WARN_DIRECT_OBJC_ISA_USAGE = YES_ERROR;
				CLANG_WARN_DOCUMENTATION_COMMENTS = YES;
				CLANG_WARN_EMPTY_BODY = YES;
				CLANG_WARN_ENUM_CONVERSION = YES;
				CLANG_WARN_INFINITE_RECURSION = YES;
				CLANG_WARN_INT_CONVERSION = YES;
				CLANG_WARN_NON_LITERAL_NULL_CONVERSION = YES;
				CLANG_WARN_OBJC_IMPLICIT_RETAIN_SELF = YES;
				CLANG_WARN_OBJC_LITERAL_CONVERSION = YES;
				CLANG_WARN_OBJC_ROOT_CLASS = YES_ERROR;
				CLANG_WARN_RANGE_LOOP_ANALYSIS = YES;
				CLANG_WARN_STRICT_PROTOTYPES = YES;
				CLANG_WARN_SUSPICIOUS_MOVE = YES;
				CLANG_WARN_UNGUARDED_AVAILABILITY = YES_AGGRESSIVE;
				CLANG_WARN_UNREACHABLE_CODE = YES;
				CLANG_WARN__DUPLICATE_METHOD_MATCH = YES;
				COPY_PHASE_STRIP = NO;
				DEBUG_INFORMATION_FORMAT = "dwarf-with-dsym";
				ENABLE_NS_ASSERTIONS = NO;
				ENABLE_STRICT_OBJC_MSGSEND = YES;
				GCC_C_LANGUAGE_STANDARD = gnu11;
				GCC_NO_COMMON_BLOCKS = YES;
				GCC_WARN_64_TO_32_BIT_CONVERSION = YES;
				GCC_WARN_ABOUT_RETURN_TYPE = YES_ERROR;
				GCC_WARN_UNDECLARED_SELECTOR = YES;
				GCC_WARN_UNINITIALIZED_AUTOS = YES_AGGRESSIVE;
				GCC_WARN_UNUSED_FUNCTION = YES;
				GCC_WARN_UNUSED_VARIABLE = YES;
				IPHONEOS_DEPLOYMENT_TARGET = 13.6;
				MTL_ENABLE_DEBUG_INFO = NO;
				MTL_FAST_MATH = YES;
				SDKROOT = iphoneos;
				SWIFT_COMPILATION_MODE = wholemodule;
				SWIFT_OPTIMIZATION_LEVEL = "-O";
				VALIDATE_PRODUCT = YES;
			};
			name = Release;
		};
		BF7F501924D3936E00D4765B /* Debug */ = {
			isa = XCBuildConfiguration;
			buildSettings = {
				ASSETCATALOG_COMPILER_APPICON_NAME = AppIcon;
				CODE_SIGN_STYLE = Automatic;
				DEVELOPMENT_TEAM = 73V52F7L32;
				INFOPLIST_FILE = HogWartsHousesAustin/resources/Info.plist;
				LD_RUNPATH_SEARCH_PATHS = (
					"$(inherited)",
					"@executable_path/Frameworks",
				);
				PRODUCT_BUNDLE_IDENTIFIER = com.Brandau.HogWartsHousesAustin;
				PRODUCT_NAME = "$(TARGET_NAME)";
				SWIFT_VERSION = 5.0;
				TARGETED_DEVICE_FAMILY = "1,2";
			};
			name = Debug;
		};
		BF7F501A24D3936E00D4765B /* Release */ = {
			isa = XCBuildConfiguration;
			buildSettings = {
				ASSETCATALOG_COMPILER_APPICON_NAME = AppIcon;
				CODE_SIGN_STYLE = Automatic;
				DEVELOPMENT_TEAM = 73V52F7L32;
				INFOPLIST_FILE = HogWartsHousesAustin/resources/Info.plist;
				LD_RUNPATH_SEARCH_PATHS = (
					"$(inherited)",
					"@executable_path/Frameworks",
				);
				PRODUCT_BUNDLE_IDENTIFIER = com.Brandau.HogWartsHousesAustin;
				PRODUCT_NAME = "$(TARGET_NAME)";
				SWIFT_VERSION = 5.0;
				TARGETED_DEVICE_FAMILY = "1,2";
			};
			name = Release;
		};
/* End XCBuildConfiguration section */

/* Begin XCConfigurationList section */
		BF7F4FFC24D3936A00D4765B /* Build configuration list for PBXProject "HogWartsHousesAustin" */ = {
			isa = XCConfigurationList;
			buildConfigurations = (
				BF7F501624D3936E00D4765B /* Debug */,
				BF7F501724D3936E00D4765B /* Release */,
			);
			defaultConfigurationIsVisible = 0;
			defaultConfigurationName = Release;
		};
		BF7F501824D3936E00D4765B /* Build configuration list for PBXNativeTarget "HogWartsHousesAustin" */ = {
			isa = XCConfigurationList;
			buildConfigurations = (
				BF7F501924D3936E00D4765B /* Debug */,
				BF7F501A24D3936E00D4765B /* Release */,
			);
			defaultConfigurationIsVisible = 0;
			defaultConfigurationName = Release;
		};
/* End XCConfigurationList section */

/* Begin XCVersionGroup section */
		BF7F500D24D3936A00D4765B /* HogWartsHousesAustin.xcdatamodeld */ = {
			isa = XCVersionGroup;
			children = (
				BF7F500E24D3936A00D4765B /* HogWartsHousesAustin.xcdatamodel */,
			);
			currentVersion = BF7F500E24D3936A00D4765B /* HogWartsHousesAustin.xcdatamodel */;
			path = HogWartsHousesAustin.xcdatamodeld;
			sourceTree = "<group>";
			versionGroupType = wrapper.xcdatamodel;
		};
/* End XCVersionGroup section */
	};
	rootObject = BF7F4FF924D3936A00D4765B /* Project object */;
}
